
Microsoft Visual Studio Solution File, Format Version 12.00
# Visual Studio 15
Project("{FAE04EC0-301F-11D3-BF4B-00C04F79EFBC}") = "Zenject", "Zenject.csproj", "{7EBFB12B-4152-16E3-496E-00505175AC06}"
EndProject
Project("{FAE04EC0-301F-11D3-BF4B-00C04F79EFBC}") = "Assembly-CSharp", "Assembly-CSharp.csproj", "{CFCD060A-81CB-249C-ECFD-296033C41F01}"
EndProject
Project("{FAE04EC0-301F-11D3-BF4B-00C04F79EFBC}") = "Zenject-Editor", "Zenject-Editor.csproj", "{514E4A98-8CBF-A55C-94AC-6F49484DC68B}"
EndProject
Global
	GlobalSection(SolutionConfigurationPlatforms) = preSolution
		Debug|Any CPU = Debug|Any CPU
		Release|Any CPU = Release|Any CPU
	EndGlobalSection
	GlobalSection(ProjectConfigurationPlatforms) = postSolution
		{7EBFB12B-4152-16E3-496E-00505175AC06}.Debug|Any CPU.ActiveCfg = Debug|Any CPU
		{7EBFB12B-4152-16E3-496E-00505175AC06}.Debug|Any CPU.Build.0 = Debug|Any CPU
		{7EBFB12B-4152-16E3-496E-00505175AC06}.Release|Any CPU.ActiveCfg = Release|Any CPU
		{7EBFB12B-4152-16E3-496E-00505175AC06}.Release|Any CPU.Build.0 = Release|Any CPU
		{CFCD060A-81CB-249C-ECFD-296033C41F01}.Debug|Any CPU.ActiveCfg = Debug|Any CPU
		{CFCD060A-81CB-249C-ECFD-296033C41F01}.Debug|Any CPU.Build.0 = Debug|Any CPU
		{CFCD060A-81CB-249C-ECFD-296033C41F01}.Release|Any CPU.ActiveCfg = Release|Any CPU
		{CFCD060A-81CB-249C-ECFD-296033C41F01}.Release|Any CPU.Build.0 = Release|Any CPU
		{514E4A98-8CBF-A55C-94AC-6F49484DC68B}.Debug|Any CPU.ActiveCfg = Debug|Any CPU
		{514E4A98-8CBF-A55C-94AC-6F49484DC68B}.Debug|Any CPU.Build.0 = Debug|Any CPU
		{514E4A98-8CBF-A55C-94AC-6F49484DC68B}.Release|Any CPU.ActiveCfg = Release|Any CPU
		{514E4A98-8CBF-A55C-94AC-6F49484DC68B}.Release|Any CPU.Build.0 = Release|Any CPU
	EndGlobalSection
	GlobalSection(SolutionProperties) = preSolution
		HideSolutionNode = FALSE
	EndGlobalSection
EndGlobal
